
Microsoft Visual Studio Solution File, Format Version 12.00
# Visual Studio Version 17
VisualStudioVersion = 17.9.34622.214
MinimumVisualStudioVersion = 10.0.40219.1
Project("{FAE04EC0-301F-11D3-BF4B-00C04F79EFBC}") = "ASMCTDLVGT", "ASMCTDLVGT\ASMCTDLVGT.csproj", "{65988614-E5DB-4E6F-9D90-E44FE8FEDEBF}"
EndProject
Global
	GlobalSection(SolutionConfigurationPlatforms) = preSolution
		Debug|Any CPU = Debug|Any CPU
		Release|Any CPU = Release|Any CPU
	EndGlobalSection
	GlobalSection(ProjectConfigurationPlatforms) = postSolution
		{65988614-E5DB-4E6F-9D90-E44FE8FEDEBF}.Debug|Any CPU.ActiveCfg = Debug|Any CPU
		{65988614-E5DB-4E6F-9D90-E44FE8FEDEBF}.Debug|Any CPU.Build.0 = Debug|Any CPU
		{65988614-E5DB-4E6F-9D90-E44FE8FEDEBF}.Release|Any CPU.ActiveCfg = Release|Any CPU
		{65988614-E5DB-4E6F-9D90-E44FE8FEDEBF}.Release|Any CPU.Build.0 = Release|Any CPU
	EndGlobalSection
	GlobalSection(SolutionProperties) = preSolution
		HideSolutionNode = FALSE
	EndGlobalSection
	GlobalSection(ExtensibilityGlobals) = postSolution
		SolutionGuid = {F0159B76-5F9C-43F6-8E5D-A3D65AB30746}
	EndGlobalSection
EndGlobal
